
Microsoft Visual Studio Solution File, Format Version 12.00
# Visual Studio 15
VisualStudioVersion = 15.0.27703.2026
MinimumVisualStudioVersion = 10.0.40219.1
Project("{FAE04EC0-301F-11D3-BF4B-00C04F79EFBC}") = "ElGasCamion.Android", "ElGasCamion\ElGasCamion.Android\ElGasCamion.Android.csproj", "{FF888791-A164-45BF-9958-51548CDC5C35}"
EndProject
Project("{FAE04EC0-301F-11D3-BF4B-00C04F79EFBC}") = "ElGasCamion.iOS", "ElGasCamion\ElGasCamion.iOS\ElGasCamion.iOS.csproj", "{B7E46257-8208-46DC-AF17-E4D36BA58D22}"
EndProject
Project("{FAE04EC0-301F-11D3-BF4B-00C04F79EFBC}") = "ElGasCamion.UWP", "ElGasCamion\ElGasCamion.UWP\ElGasCamion.UWP.csproj", "{6C265A0A-2945-4951-8FFD-C9CAA2735B8C}"
EndProject
Project("{9A19103F-16F7-4668-BE54-9A1E7A4F7556}") = "ElGasCamion", "ElGasCamion\ElGasCamion\ElGasCamion.csproj", "{F997984C-F33C-4F86-A0F1-24D97426B28B}"
EndProject
Global
	GlobalSection(SolutionConfigurationPlatforms) = preSolution
		Ad-Hoc|Any CPU = Ad-Hoc|Any CPU
		Ad-Hoc|ARM = Ad-Hoc|ARM
		Ad-Hoc|iPhone = Ad-Hoc|iPhone
		Ad-Hoc|iPhoneSimulator = Ad-Hoc|iPhoneSimulator
		Ad-Hoc|x64 = Ad-Hoc|x64
		Ad-Hoc|x86 = Ad-Hoc|x86
		AppStore|Any CPU = AppStore|Any CPU
		AppStore|ARM = AppStore|ARM
		AppStore|iPhone = AppStore|iPhone
		AppStore|iPhoneSimulator = AppStore|iPhoneSimulator
		AppStore|x64 = AppStore|x64
		AppStore|x86 = AppStore|x86
		Debug|Any CPU = Debug|Any CPU
		Debug|ARM = Debug|ARM
		Debug|iPhone = Debug|iPhone
		Debug|iPhoneSimulator = Debug|iPhoneSimulator
		Debug|x64 = Debug|x64
		Debug|x86 = Debug|x86
		Release|Any CPU = Release|Any CPU
		Release|ARM = Release|ARM
		Release|iPhone = Release|iPhone
		Release|iPhoneSimulator = Release|iPhoneSimulator
		Release|x64 = Release|x64
		Release|x86 = Release|x86
	EndGlobalSection
	GlobalSection(ProjectConfigurationPlatforms) = postSolution
		{FF888791-A164-45BF-9958-51548CDC5C35}.Ad-Hoc|Any CPU.ActiveCfg = Release|Any CPU
		{FF888791-A164-45BF-9958-51548CDC5C35}.Ad-Hoc|Any CPU.Build.0 = Release|Any CPU
		{FF888791-A164-45BF-9958-51548CDC5C35}.Ad-Hoc|Any CPU.Deploy.0 = Release|Any CPU
		{FF888791-A164-45BF-9958-51548CDC5C35}.Ad-Hoc|ARM.ActiveCfg = Release|Any CPU
		{FF888791-A164-45BF-9958-51548CDC5C35}.Ad-Hoc|ARM.Build.0 = Release|Any CPU
		{FF888791-A164-45BF-9958-51548CDC5C35}.Ad-Hoc|ARM.Deploy.0 = Release|Any CPU
		{FF888791-A164-45BF-9958-51548CDC5C35}.Ad-Hoc|iPhone.ActiveCfg = Release|Any CPU
		{FF888791-A164-45BF-9958-51548CDC5C35}.Ad-Hoc|iPhone.Build.0 = Release|Any CPU
		{FF888791-A164-45BF-9958-51548CDC5C35}.Ad-Hoc|iPhone.Deploy.0 = Release|Any CPU
		{FF888791-A164-45BF-9958-51548CDC5C35}.Ad-Hoc|iPhoneSimulator.ActiveCfg = Release|Any CPU
		{FF888791-A164-45BF-9958-51548CDC5C35}.Ad-Hoc|iPhoneSimulator.Build.0 = Release|Any CPU
		{FF888791-A164-45BF-9958-51548CDC5C35}.Ad-Hoc|iPhoneSimulator.Deploy.0 = Release|Any CPU
		{FF888791-A164-45BF-9958-51548CDC5C35}.Ad-Hoc|x64.ActiveCfg = Release|Any CPU
		{FF888791-A164-45BF-9958-51548CDC5C35}.Ad-Hoc|x64.Build.0 = Release|Any CPU
		{FF888791-A164-45BF-9958-51548CDC5C35}.Ad-Hoc|x64.Deploy.0 = Release|Any CPU
		{FF888791-A164-45BF-9958-51548CDC5C35}.Ad-Hoc|x86.ActiveCfg = Release|Any CPU
		{FF888791-A164-45BF-9958-51548CDC5C35}.Ad-Hoc|x86.Build.0 = Release|Any CPU
		{FF888791-A164-45BF-9958-51548CDC5C35}.Ad-Hoc|x86.Deploy.0 = Release|Any CPU
		{FF888791-A164-45BF-9958-51548CDC5C35}.AppStore|Any CPU.ActiveCfg = Release|Any CPU
		{FF888791-A164-45BF-9958-51548CDC5C35}.AppStore|Any CPU.Build.0 = Release|Any CPU
		{FF888791-A164-45BF-9958-51548CDC5C35}.AppStore|Any CPU.Deploy.0 = Release|Any CPU
		{FF888791-A164-45BF-9958-51548CDC5C35}.AppStore|ARM.ActiveCfg = Release|Any CPU
		{FF888791-A164-45BF-9958-51548CDC5C35}.AppStore|ARM.Build.0 = Release|Any CPU
		{FF888791-A164-45BF-9958-51548CDC5C35}.AppStore|ARM.Deploy.0 = Release|Any CPU
		{FF888791-A164-45BF-9958-51548CDC5C35}.AppStore|iPhone.ActiveCfg = Release|Any CPU
		{FF888791-A164-45BF-9958-51548CDC5C35}.AppStore|iPhone.Build.0 = Release|Any CPU
		{FF888791-A164-45BF-9958-51548CDC5C35}.AppStore|iPhone.Deploy.0 = Release|Any CPU
		{FF888791-A164-45BF-9958-51548CDC5C35}.AppStore|iPhoneSimulator.ActiveCfg = Release|Any CPU
		{FF888791-A164-45BF-9958-51548CDC5C35}.AppStore|iPhoneSimulator.Build.0 = Release|Any CPU
		{FF888791-A164-45BF-9958-51548CDC5C35}.AppStore|iPhoneSimulator.Deploy.0 = Release|Any CPU
		{FF888791-A164-45BF-9958-51548CDC5C35}.AppStore|x64.ActiveCfg = Release|Any CPU
		{FF888791-A164-45BF-9958-51548CDC5C35}.AppStore|x64.Build.0 = Release|Any CPU
		{FF888791-A164-45BF-9958-51548CDC5C35}.AppStore|x64.Deploy.0 = Release|Any CPU
		{FF888791-A164-45BF-9958-51548CDC5C35}.AppStore|x86.ActiveCfg = Release|Any CPU
		{FF888791-A164-45BF-9958-51548CDC5C35}.AppStore|x86.Build.0 = Release|Any CPU
		{FF888791-A164-45BF-9958-51548CDC5C35}.AppStore|x86.Deploy.0 = Release|Any CPU
		{FF888791-A164-45BF-9958-51548CDC5C35}.Debug|Any CPU.ActiveCfg = Debug|Any CPU
		{FF888791-A164-45BF-9958-51548CDC5C35}.Debug|Any CPU.Build.0 = Debug|Any CPU
		{FF888791-A164-45BF-9958-51548CDC5C35}.Debug|Any CPU.Deploy.0 = Debug|Any CPU
		{FF888791-A164-45BF-9958-51548CDC5C35}.Debug|ARM.ActiveCfg = Debug|Any CPU
		{FF888791-A164-45BF-9958-51548CDC5C35}.Debug|ARM.Build.0 = Debug|Any CPU
		{FF888791-A164-45BF-9958-51548CDC5C35}.Debug|ARM.Deploy.0 = Debug|Any CPU
		{FF888791-A164-45BF-9958-51548CDC5C35}.Debug|iPhone.ActiveCfg = Debug|Any CPU
		{FF888791-A164-45BF-9958-51548CDC5C35}.Debug|iPhone.Build.0 = Debug|Any CPU
		{FF888791-A164-45BF-9958-51548CDC5C35}.Debug|iPhone.Deploy.0 = Debug|Any CPU
		{FF888791-A164-45BF-9958-51548CDC5C35}.Debug|iPhoneSimulator.ActiveCfg = Debug|Any CPU
		{FF888791-A164-45BF-9958-51548CDC5C35}.Debug|iPhoneSimulator.Build.0 = Debug|Any CPU
		{FF888791-A164-45BF-9958-51548CDC5C35}.Debug|iPhoneSimulator.Deploy.0 = Debug|Any CPU
		{FF888791-A164-45BF-9958-51548CDC5C35}.Debug|x64.ActiveCfg = Debug|Any CPU
		{FF888791-A164-45BF-9958-51548CDC5C35}.Debug|x64.Build.0 = Debug|Any CPU
		{FF888791-A164-45BF-9958-51548CDC5C35}.Debug|x64.Deploy.0 = Debug|Any CPU
		{FF888791-A164-45BF-9958-51548CDC5C35}.Debug|x86.ActiveCfg = Debug|Any CPU
		{FF888791-A164-45BF-9958-51548CDC5C35}.Debug|x86.Build.0 = Debug|Any CPU
		{FF888791-A164-45BF-9958-51548CDC5C35}.Debug|x86.Deploy.0 = Debug|Any CPU
		{FF888791-A164-45BF-9958-51548CDC5C35}.Release|Any CPU.ActiveCfg = Release|Any CPU
		{FF888791-A164-45BF-9958-51548CDC5C35}.Release|Any CPU.Build.0 = Release|Any CPU
		{FF888791-A164-45BF-9958-51548CDC5C35}.Release|Any CPU.Deploy.0 = Release|Any CPU
		{FF888791-A164-45BF-9958-51548CDC5C35}.Release|ARM.ActiveCfg = Release|Any CPU
		{FF888791-A164-45BF-9958-51548CDC5C35}.Release|ARM.Build.0 = Release|Any CPU
		{FF888791-A164-45BF-9958-51548CDC5C35}.Release|ARM.Deploy.0 = Release|Any CPU
		{FF888791-A164-45BF-9958-51548CDC5C35}.Release|iPhone.ActiveCfg = Release|Any CPU
		{FF888791-A164-45BF-9958-51548CDC5C35}.Release|iPhone.Build.0 = Release|Any CPU
		{FF888791-A164-45BF-9958-51548CDC5C35}.Release|iPhone.Deploy.0 = Release|Any CPU
		{FF888791-A164-45BF-9958-51548CDC5C35}.Release|iPhoneSimulator.ActiveCfg = Release|Any CPU
		{FF888791-A164-45BF-9958-51548CDC5C35}.Release|iPhoneSimulator.Build.0 = Release|Any CPU
		{FF888791-A164-45BF-9958-51548CDC5C35}.Release|iPhoneSimulator.Deploy.0 = Release|Any CPU
		{FF888791-A164-45BF-9958-51548CDC5C35}.Release|x64.ActiveCfg = Release|Any CPU
		{FF888791-A164-45BF-9958-51548CDC5C35}.Release|x64.Build.0 = Release|Any CPU
		{FF888791-A164-45BF-9958-51548CDC5C35}.Release|x64.Deploy.0 = Release|Any CPU
		{FF888791-A164-45BF-9958-51548CDC5C35}.Release|x86.ActiveCfg = Release|Any CPU
		{FF888791-A164-45BF-9958-51548CDC5C35}.Release|x86.Build.0 = Release|Any CPU
		{FF888791-A164-45BF-9958-51548CDC5C35}.Release|x86.Deploy.0 = Release|Any CPU
		{B7E46257-8208-46DC-AF17-E4D36BA58D22}.Ad-Hoc|Any CPU.ActiveCfg = Ad-Hoc|iPhone
		{B7E46257-8208-46DC-AF17-E4D36BA58D22}.Ad-Hoc|Any CPU.Build.0 = Ad-Hoc|iPhone
		{B7E46257-8208-46DC-AF17-E4D36BA58D22}.Ad-Hoc|Any CPU.Deploy.0 = Ad-Hoc|iPhone
		{B7E46257-8208-46DC-AF17-E4D36BA58D22}.Ad-Hoc|ARM.ActiveCfg = Ad-Hoc|iPhone
		{B7E46257-8208-46DC-AF17-E4D36BA58D22}.Ad-Hoc|ARM.Build.0 = Ad-Hoc|iPhone
		{B7E46257-8208-46DC-AF17-E4D36BA58D22}.Ad-Hoc|ARM.Deploy.0 = Ad-Hoc|iPhone
		{B7E46257-8208-46DC-AF17-E4D36BA58D22}.Ad-Hoc|iPhone.ActiveCfg = Ad-Hoc|iPhone
		{B7E46257-8208-46DC-AF17-E4D36BA58D22}.Ad-Hoc|iPhone.Build.0 = Ad-Hoc|iPhone
		{B7E46257-8208-46DC-AF17-E4D36BA58D22}.Ad-Hoc|iPhone.Deploy.0 = Ad-Hoc|iPhone
		{B7E46257-8208-46DC-AF17-E4D36BA58D22}.Ad-Hoc|iPhoneSimulator.ActiveCfg = Ad-Hoc|iPhoneSimulator
		{B7E46257-8208-46DC-AF17-E4D36BA58D22}.Ad-Hoc|iPhoneSimulator.Build.0 = Ad-Hoc|iPhoneSimulator
		{B7E46257-8208-46DC-AF17-E4D36BA58D22}.Ad-Hoc|iPhoneSimulator.Deploy.0 = Ad-Hoc|iPhoneSimulator
		{B7E46257-8208-46DC-AF17-E4D36BA58D22}.Ad-Hoc|x64.ActiveCfg = Ad-Hoc|iPhone
		{B7E46257-8208-46DC-AF17-E4D36BA58D22}.Ad-Hoc|x64.Build.0 = Ad-Hoc|iPhone
		{B7E46257-8208-46DC-AF17-E4D36BA58D22}.Ad-Hoc|x64.Deploy.0 = Ad-Hoc|iPhone
		{B7E46257-8208-46DC-AF17-E4D36BA58D22}.Ad-Hoc|x86.ActiveCfg = Ad-Hoc|iPhone
		{B7E46257-8208-46DC-AF17-E4D36BA58D22}.Ad-Hoc|x86.Build.0 = Ad-Hoc|iPhone
		{B7E46257-8208-46DC-AF17-E4D36BA58D22}.Ad-Hoc|x86.Deploy.0 = Ad-Hoc|iPhone
		{B7E46257-8208-46DC-AF17-E4D36BA58D22}.AppStore|Any CPU.ActiveCfg = AppStore|iPhone
		{B7E46257-8208-46DC-AF17-E4D36BA58D22}.AppStore|Any CPU.Build.0 = AppStore|iPhone
		{B7E46257-8208-46DC-AF17-E4D36BA58D22}.AppStore|Any CPU.Deploy.0 = AppStore|iPhone
		{B7E46257-8208-46DC-AF17-E4D36BA58D22}.AppStore|ARM.ActiveCfg = AppStore|iPhone
		{B7E46257-8208-46DC-AF17-E4D36BA58D22}.AppStore|ARM.Build.0 = AppStore|iPhone
		{B7E46257-8208-46DC-AF17-E4D36BA58D22}.AppStore|ARM.Deploy.0 = AppStore|iPhone
		{B7E46257-8208-46DC-AF17-E4D36BA58D22}.AppStore|iPhone.ActiveCfg = AppStore|iPhone
		{B7E46257-8208-46DC-AF17-E4D36BA58D22}.AppStore|iPhone.Build.0 = AppStore|iPhone
		{B7E46257-8208-46DC-AF17-E4D36BA58D22}.AppStore|iPhone.Deploy.0 = AppStore|iPhone
		{B7E46257-8208-46DC-AF17-E4D36BA58D22}.AppStore|iPhoneSimulator.ActiveCfg = AppStore|iPhoneSimulator
		{B7E46257-8208-46DC-AF17-E4D36BA58D22}.AppStore|iPhoneSimulator.Build.0 = AppStore|iPhoneSimulator
		{B7E46257-8208-46DC-AF17-E4D36BA58D22}.AppStore|iPhoneSimulator.Deploy.0 = AppStore|iPhoneSimulator
		{B7E46257-8208-46DC-AF17-E4D36BA58D22}.AppStore|x64.ActiveCfg = AppStore|iPhone
		{B7E46257-8208-46DC-AF17-E4D36BA58D22}.AppStore|x64.Build.0 = AppStore|iPhone
		{B7E46257-8208-46DC-AF17-E4D36BA58D22}.AppStore|x64.Deploy.0 = AppStore|iPhone
		{B7E46257-8208-46DC-AF17-E4D36BA58D22}.AppStore|x86.ActiveCfg = AppStore|iPhone
		{B7E46257-8208-46DC-AF17-E4D36BA58D22}.AppStore|x86.Build.0 = AppStore|iPhone
		{B7E46257-8208-46DC-AF17-E4D36BA58D22}.AppStore|x86.Deploy.0 = AppStore|iPhone
		{B7E46257-8208-46DC-AF17-E4D36BA58D22}.Debug|Any CPU.ActiveCfg = Debug|iPhoneSimulator
		{B7E46257-8208-46DC-AF17-E4D36BA58D22}.Debug|Any CPU.Build.0 = Debug|iPhoneSimulator
		{B7E46257-8208-46DC-AF17-E4D36BA58D22}.Debug|Any CPU.Deploy.0 = Debug|iPhoneSimulator
		{B7E46257-8208-46DC-AF17-E4D36BA58D22}.Debug|ARM.ActiveCfg = Debug|iPhone
		{B7E46257-8208-46DC-AF17-E4D36BA58D22}.Debug|ARM.Build.0 = Debug|iPhone
		{B7E46257-8208-46DC-AF17-E4D36BA58D22}.Debug|ARM.Deploy.0 = Debug|iPhone
		{B7E46257-8208-46DC-AF17-E4D36BA58D22}.Debug|iPhone.ActiveCfg = Debug|iPhone
		{B7E46257-8208-46DC-AF17-E4D36BA58D22}.Debug|iPhone.Build.0 = Debug|iPhone
		{B7E46257-8208-46DC-AF17-E4D36BA58D22}.Debug|iPhone.Deploy.0 = Debug|iPhone
		{B7E46257-8208-46DC-AF17-E4D36BA58D22}.Debug|iPhoneSimulator.ActiveCfg = Debug|iPhoneSimulator
		{B7E46257-8208-46DC-AF17-E4D36BA58D22}.Debug|iPhoneSimulator.Build.0 = Debug|iPhoneSimulator
		{B7E46257-8208-46DC-AF17-E4D36BA58D22}.Debug|iPhoneSimulator.Deploy.0 = Debug|iPhoneSimulator
		{B7E46257-8208-46DC-AF17-E4D36BA58D22}.Debug|x64.ActiveCfg = Debug|iPhone
		{B7E46257-8208-46DC-AF17-E4D36BA58D22}.Debug|x64.Build.0 = Debug|iPhone
		{B7E46257-8208-46DC-AF17-E4D36BA58D22}.Debug|x64.Deploy.0 = Debug|iPhone
		{B7E46257-8208-46DC-AF17-E4D36BA58D22}.Debug|x86.ActiveCfg = Debug|iPhone
		{B7E46257-8208-46DC-AF17-E4D36BA58D22}.Debug|x86.Build.0 = Debug|iPhone
		{B7E46257-8208-46DC-AF17-E4D36BA58D22}.Debug|x86.Deploy.0 = Debug|iPhone
		{B7E46257-8208-46DC-AF17-E4D36BA58D22}.Release|Any CPU.ActiveCfg = Release|iPhone
		{B7E46257-8208-46DC-AF17-E4D36BA58D22}.Release|Any CPU.Deploy.0 = Release|iPhone
		{B7E46257-8208-46DC-AF17-E4D36BA58D22}.Release|ARM.ActiveCfg = Release|iPhone
		{B7E46257-8208-46DC-AF17-E4D36BA58D22}.Release|ARM.Build.0 = Release|iPhone
		{B7E46257-8208-46DC-AF17-E4D36BA58D22}.Release|ARM.Deploy.0 = Release|iPhone
		{B7E46257-8208-46DC-AF17-E4D36BA58D22}.Release|iPhone.ActiveCfg = Release|iPhone
		{B7E46257-8208-46DC-AF17-E4D36BA58D22}.Release|iPhone.Build.0 = Release|iPhone
		{B7E46257-8208-46DC-AF17-E4D36BA58D22}.Release|iPhone.Deploy.0 = Release|iPhone
		{B7E46257-8208-46DC-AF17-E4D36BA58D22}.Release|iPhoneSimulator.ActiveCfg = Release|iPhoneSimulator
		{B7E46257-8208-46DC-AF17-E4D36BA58D22}.Release|iPhoneSimulator.Build.0 = Release|iPhoneSimulator
		{B7E46257-8208-46DC-AF17-E4D36BA58D22}.Release|iPhoneSimulator.Deploy.0 = Release|iPhoneSimulator
		{B7E46257-8208-46DC-AF17-E4D36BA58D22}.Release|x64.ActiveCfg = Release|iPhone
		{B7E46257-8208-46DC-AF17-E4D36BA58D22}.Release|x64.Build.0 = Release|iPhone
		{B7E46257-8208-46DC-AF17-E4D36BA58D22}.Release|x64.Deploy.0 = Release|iPhone
		{B7E46257-8208-46DC-AF17-E4D36BA58D22}.Release|x86.ActiveCfg = Release|iPhone
		{B7E46257-8208-46DC-AF17-E4D36BA58D22}.Release|x86.Build.0 = Release|iPhone
		{B7E46257-8208-46DC-AF17-E4D36BA58D22}.Release|x86.Deploy.0 = Release|iPhone
		{6C265A0A-2945-4951-8FFD-C9CAA2735B8C}.Ad-Hoc|Any CPU.ActiveCfg = Release|x86
		{6C265A0A-2945-4951-8FFD-C9CAA2735B8C}.Ad-Hoc|Any CPU.Build.0 = Release|x86
		{6C265A0A-2945-4951-8FFD-C9CAA2735B8C}.Ad-Hoc|Any CPU.Deploy.0 = Release|x86
		{6C265A0A-2945-4951-8FFD-C9CAA2735B8C}.Ad-Hoc|ARM.ActiveCfg = Release|ARM
		{6C265A0A-2945-4951-8FFD-C9CAA2735B8C}.Ad-Hoc|ARM.Build.0 = Release|ARM
		{6C265A0A-2945-4951-8FFD-C9CAA2735B8C}.Ad-Hoc|ARM.Deploy.0 = Release|ARM
		{6C265A0A-2945-4951-8FFD-C9CAA2735B8C}.Ad-Hoc|iPhone.ActiveCfg = Release|x86
		{6C265A0A-2945-4951-8FFD-C9CAA2735B8C}.Ad-Hoc|iPhone.Build.0 = Release|x86
		{6C265A0A-2945-4951-8FFD-C9CAA2735B8C}.Ad-Hoc|iPhone.Deploy.0 = Release|x86
		{6C265A0A-2945-4951-8FFD-C9CAA2735B8C}.Ad-Hoc|iPhoneSimulator.ActiveCfg = Release|x86
		{6C265A0A-2945-4951-8FFD-C9CAA2735B8C}.Ad-Hoc|iPhoneSimulator.Build.0 = Release|x86
		{6C265A0A-2945-4951-8FFD-C9CAA2735B8C}.Ad-Hoc|iPhoneSimulator.Deploy.0 = Release|x86
		{6C265A0A-2945-4951-8FFD-C9CAA2735B8C}.Ad-Hoc|x64.ActiveCfg = Release|x64
		{6C265A0A-2945-4951-8FFD-C9CAA2735B8C}.Ad-Hoc|x64.Build.0 = Release|x64
		{6C265A0A-2945-4951-8FFD-C9CAA2735B8C}.Ad-Hoc|x64.Deploy.0 = Release|x64
		{6C265A0A-2945-4951-8FFD-C9CAA2735B8C}.Ad-Hoc|x86.ActiveCfg = Release|x86
		{6C265A0A-2945-4951-8FFD-C9CAA2735B8C}.Ad-Hoc|x86.Build.0 = Release|x86
		{6C265A0A-2945-4951-8FFD-C9CAA2735B8C}.Ad-Hoc|x86.Deploy.0 = Release|x86
		{6C265A0A-2945-4951-8FFD-C9CAA2735B8C}.AppStore|Any CPU.ActiveCfg = Release|x86
		{6C265A0A-2945-4951-8FFD-C9CAA2735B8C}.AppStore|Any CPU.Build.0 = Release|x86
		{6C265A0A-2945-4951-8FFD-C9CAA2735B8C}.AppStore|Any CPU.Deploy.0 = Release|x86
		{6C265A0A-2945-4951-8FFD-C9CAA2735B8C}.AppStore|ARM.ActiveCfg = Release|ARM
		{6C265A0A-2945-4951-8FFD-C9CAA2735B8C}.AppStore|ARM.Build.0 = Release|ARM
		{6C265A0A-2945-4951-8FFD-C9CAA2735B8C}.AppStore|ARM.Deploy.0 = Release|ARM
		{6C265A0A-2945-4951-8FFD-C9CAA2735B8C}.AppStore|iPhone.ActiveCfg = Release|x86
		{6C265A0A-2945-4951-8FFD-C9CAA2735B8C}.AppStore|iPhone.Build.0 = Release|x86
		{6C265A0A-2945-4951-8FFD-C9CAA2735B8C}.AppStore|iPhone.Deploy.0 = Release|x86
		{6C265A0A-2945-4951-8FFD-C9CAA2735B8C}.AppStore|iPhoneSimulator.ActiveCfg = Release|x86
		{6C265A0A-2945-4951-8FFD-C9CAA2735B8C}.AppStore|iPhoneSimulator.Build.0 = Release|x86
		{6C265A0A-2945-4951-8FFD-C9CAA2735B8C}.AppStore|iPhoneSimulator.Deploy.0 = Release|x86
		{6C265A0A-2945-4951-8FFD-C9CAA2735B8C}.AppStore|x64.ActiveCfg = Release|x64
		{6C265A0A-2945-4951-8FFD-C9CAA2735B8C}.AppStore|x64.Build.0 = Release|x64
		{6C265A0A-2945-4951-8FFD-C9CAA2735B8C}.AppStore|x64.Deploy.0 = Release|x64
		{6C265A0A-2945-4951-8FFD-C9CAA2735B8C}.AppStore|x86.ActiveCfg = Release|x86
		{6C265A0A-2945-4951-8FFD-C9CAA2735B8C}.AppStore|x86.Build.0 = Release|x86
		{6C265A0A-2945-4951-8FFD-C9CAA2735B8C}.AppStore|x86.Deploy.0 = Release|x86
		{6C265A0A-2945-4951-8FFD-C9CAA2735B8C}.Debug|Any CPU.ActiveCfg = Debug|x86
		{6C265A0A-2945-4951-8FFD-C9CAA2735B8C}.Debug|Any CPU.Build.0 = Debug|x86
		{6C265A0A-2945-4951-8FFD-C9CAA2735B8C}.Debug|Any CPU.Deploy.0 = Debug|x86
		{6C265A0A-2945-4951-8FFD-C9CAA2735B8C}.Debug|ARM.ActiveCfg = Debug|ARM
		{6C265A0A-2945-4951-8FFD-C9CAA2735B8C}.Debug|ARM.Build.0 = Debug|ARM
		{6C265A0A-2945-4951-8FFD-C9CAA2735B8C}.Debug|ARM.Deploy.0 = Debug|ARM
		{6C265A0A-2945-4951-8FFD-C9CAA2735B8C}.Debug|iPhone.ActiveCfg = Debug|x86
		{6C265A0A-2945-4951-8FFD-C9CAA2735B8C}.Debug|iPhone.Build.0 = Debug|x86
		{6C265A0A-2945-4951-8FFD-C9CAA2735B8C}.Debug|iPhone.Deploy.0 = Debug|x86
		{6C265A0A-2945-4951-8FFD-C9CAA2735B8C}.Debug|iPhoneSimulator.ActiveCfg = Debug|x86
		{6C265A0A-2945-4951-8FFD-C9CAA2735B8C}.Debug|iPhoneSimulator.Build.0 = Debug|x86
		{6C265A0A-2945-4951-8FFD-C9CAA2735B8C}.Debug|iPhoneSimulator.Deploy.0 = Debug|x86
		{6C265A0A-2945-4951-8FFD-C9CAA2735B8C}.Debug|x64.ActiveCfg = Debug|x64
		{6C265A0A-2945-4951-8FFD-C9CAA2735B8C}.Debug|x64.Build.0 = Debug|x64
		{6C265A0A-2945-4951-8FFD-C9CAA2735B8C}.Debug|x64.Deploy.0 = Debug|x64
		{6C265A0A-2945-4951-8FFD-C9CAA2735B8C}.Debug|x86.ActiveCfg = Debug|x86
		{6C265A0A-2945-4951-8FFD-C9CAA2735B8C}.Debug|x86.Build.0 = Debug|x86
		{6C265A0A-2945-4951-8FFD-C9CAA2735B8C}.Debug|x86.Deploy.0 = Debug|x86
		{6C265A0A-2945-4951-8FFD-C9CAA2735B8C}.Release|Any CPU.ActiveCfg = Release|x86
		{6C265A0A-2945-4951-8FFD-C9CAA2735B8C}.Release|ARM.ActiveCfg = Release|ARM
		{6C265A0A-2945-4951-8FFD-C9CAA2735B8C}.Release|ARM.Build.0 = Release|ARM
		{6C265A0A-2945-4951-8FFD-C9CAA2735B8C}.Release|ARM.Deploy.0 = Release|ARM
		{6C265A0A-2945-4951-8FFD-C9CAA2735B8C}.Release|iPhone.ActiveCfg = Release|x86
		{6C265A0A-2945-4951-8FFD-C9CAA2735B8C}.Release|iPhone.Build.0 = Release|x86
		{6C265A0A-2945-4951-8FFD-C9CAA2735B8C}.Release|iPhone.Deploy.0 = Release|x86
		{6C265A0A-2945-4951-8FFD-C9CAA2735B8C}.Release|iPhoneSimulator.ActiveCfg = Release|x86
		{6C265A0A-2945-4951-8FFD-C9CAA2735B8C}.Release|iPhoneSimulator.Build.0 = Release|x86
		{6C265A0A-2945-4951-8FFD-C9CAA2735B8C}.Release|iPhoneSimulator.Deploy.0 = Release|x86
		{6C265A0A-2945-4951-8FFD-C9CAA2735B8C}.Release|x64.ActiveCfg = Release|x64
		{6C265A0A-2945-4951-8FFD-C9CAA2735B8C}.Release|x64.Build.0 = Release|x64
		{6C265A0A-2945-4951-8FFD-C9CAA2735B8C}.Release|x64.Deploy.0 = Release|x64
		{6C265A0A-2945-4951-8FFD-C9CAA2735B8C}.Release|x86.ActiveCfg = Release|x86
		{6C265A0A-2945-4951-8FFD-C9CAA2735B8C}.Release|x86.Build.0 = Release|x86
		{6C265A0A-2945-4951-8FFD-C9CAA2735B8C}.Release|x86.Deploy.0 = Release|x86
		{F997984C-F33C-4F86-A0F1-24D97426B28B}.Ad-Hoc|Any CPU.ActiveCfg = Debug|Any CPU
		{F997984C-F33C-4F86-A0F1-24D97426B28B}.Ad-Hoc|Any CPU.Build.0 = Debug|Any CPU
		{F997984C-F33C-4F86-A0F1-24D97426B28B}.Ad-Hoc|Any CPU.Deploy.0 = Debug|Any CPU
		{F997984C-F33C-4F86-A0F1-24D97426B28B}.Ad-Hoc|ARM.ActiveCfg = Debug|Any CPU
		{F997984C-F33C-4F86-A0F1-24D97426B28B}.Ad-Hoc|ARM.Build.0 = Debug|Any CPU
		{F997984C-F33C-4F86-A0F1-24D97426B28B}.Ad-Hoc|ARM.Deploy.0 = Debug|Any CPU
		{F997984C-F33C-4F86-A0F1-24D97426B28B}.Ad-Hoc|iPhone.ActiveCfg = Debug|Any CPU
		{F997984C-F33C-4F86-A0F1-24D97426B28B}.Ad-Hoc|iPhone.Build.0 = Debug|Any CPU
		{F997984C-F33C-4F86-A0F1-24D97426B28B}.Ad-Hoc|iPhone.Deploy.0 = Debug|Any CPU
		{F997984C-F33C-4F86-A0F1-24D97426B28B}.Ad-Hoc|iPhoneSimulator.ActiveCfg = Debug|Any CPU
		{F997984C-F33C-4F86-A0F1-24D97426B28B}.Ad-Hoc|iPhoneSimulator.Build.0 = Debug|Any CPU
		{F997984C-F33C-4F86-A0F1-24D97426B28B}.Ad-Hoc|iPhoneSimulator.Deploy.0 = Debug|Any CPU
		{F997984C-F33C-4F86-A0F1-24D97426B28B}.Ad-Hoc|x64.ActiveCfg = Debug|Any CPU
		{F997984C-F33C-4F86-A0F1-24D97426B28B}.Ad-Hoc|x64.Build.0 = Debug|Any CPU
		{F997984C-F33C-4F86-A0F1-24D97426B28B}.Ad-Hoc|x64.Deploy.0 = Debug|Any CPU
		{F997984C-F33C-4F86-A0F1-24D97426B28B}.Ad-Hoc|x86.ActiveCfg = Debug|Any CPU
		{F997984C-F33C-4F86-A0F1-24D97426B28B}.Ad-Hoc|x86.Build.0 = Debug|Any CPU
		{F997984C-F33C-4F86-A0F1-24D97426B28B}.Ad-Hoc|x86.Deploy.0 = Debug|Any CPU
		{F997984C-F33C-4F86-A0F1-24D97426B28B}.AppStore|Any CPU.ActiveCfg = Debug|Any CPU
		{F997984C-F33C-4F86-A0F1-24D97426B28B}.AppStore|Any CPU.Build.0 = Debug|Any CPU
		{F997984C-F33C-4F86-A0F1-24D97426B28B}.AppStore|Any CPU.Deploy.0 = Debug|Any CPU
		{F997984C-F33C-4F86-A0F1-24D97426B28B}.AppStore|ARM.ActiveCfg = Debug|Any CPU
		{F997984C-F33C-4F86-A0F1-24D97426B28B}.AppStore|ARM.Build.0 = Debug|Any CPU
		{F997984C-F33C-4F86-A0F1-24D97426B28B}.AppStore|ARM.Deploy.0 = Debug|Any CPU
		{F997984C-F33C-4F86-A0F1-24D97426B28B}.AppStore|iPhone.ActiveCfg = Debug|Any CPU
		{F997984C-F33C-4F86-A0F1-24D97426B28B}.AppStore|iPhone.Build.0 = Debug|Any CPU
		{F997984C-F33C-4F86-A0F1-24D97426B28B}.AppStore|iPhone.Deploy.0 = Debug|Any CPU
		{F997984C-F33C-4F86-A0F1-24D97426B28B}.AppStore|iPhoneSimulator.ActiveCfg = Debug|Any CPU
		{F997984C-F33C-4F86-A0F1-24D97426B28B}.AppStore|iPhoneSimulator.Build.0 = Debug|Any CPU
		{F997984C-F33C-4F86-A0F1-24D97426B28B}.AppStore|iPhoneSimulator.Deploy.0 = Debug|Any CPU
		{F997984C-F33C-4F86-A0F1-24D97426B28B}.AppStore|x64.ActiveCfg = Debug|Any CPU
		{F997984C-F33C-4F86-A0F1-24D97426B28B}.AppStore|x64.Build.0 = Debug|Any CPU
		{F997984C-F33C-4F86-A0F1-24D97426B28B}.AppStore|x64.Deploy.0 = Debug|Any CPU
		{F997984C-F33C-4F86-A0F1-24D97426B28B}.AppStore|x86.ActiveCfg = Debug|Any CPU
		{F997984C-F33C-4F86-A0F1-24D97426B28B}.AppStore|x86.Build.0 = Debug|Any CPU
		{F997984C-F33C-4F86-A0F1-24D97426B28B}.AppStore|x86.Deploy.0 = Debug|Any CPU
		{F997984C-F33C-4F86-A0F1-24D97426B28B}.Debug|Any CPU.ActiveCfg = Debug|Any CPU
		{F997984C-F33C-4F86-A0F1-24D97426B28B}.Debug|Any CPU.Build.0 = Debug|Any CPU
		{F997984C-F33C-4F86-A0F1-24D97426B28B}.Debug|Any CPU.Deploy.0 = Debug|Any CPU
		{F997984C-F33C-4F86-A0F1-24D97426B28B}.Debug|ARM.ActiveCfg = Debug|Any CPU
		{F997984C-F33C-4F86-A0F1-24D97426B28B}.Debug|ARM.Build.0 = Debug|Any CPU
		{F997984C-F33C-4F86-A0F1-24D97426B28B}.Debug|ARM.Deploy.0 = Debug|Any CPU
		{F997984C-F33C-4F86-A0F1-24D97426B28B}.Debug|iPhone.ActiveCfg = Debug|Any CPU
		{F997984C-F33C-4F86-A0F1-24D97426B28B}.Debug|iPhone.Build.0 = Debug|Any CPU
		{F997984C-F33C-4F86-A0F1-24D97426B28B}.Debug|iPhone.Deploy.0 = Debug|Any CPU
		{F997984C-F33C-4F86-A0F1-24D97426B28B}.Debug|iPhoneSimulator.ActiveCfg = Debug|Any CPU
		{F997984C-F33C-4F86-A0F1-24D97426B28B}.Debug|iPhoneSimulator.Build.0 = Debug|Any CPU
		{F997984C-F33C-4F86-A0F1-24D97426B28B}.Debug|iPhoneSimulator.Deploy.0 = Debug|Any CPU
		{F997984C-F33C-4F86-A0F1-24D97426B28B}.Debug|x64.ActiveCfg = Debug|Any CPU
		{F997984C-F33C-4F86-A0F1-24D97426B28B}.Debug|x64.Build.0 = Debug|Any CPU
		{F997984C-F33C-4F86-A0F1-24D97426B28B}.Debug|x64.Deploy.0 = Debug|Any CPU
		{F997984C-F33C-4F86-A0F1-24D97426B28B}.Debug|x86.ActiveCfg = Debug|Any CPU
		{F997984C-F33C-4F86-A0F1-24D97426B28B}.Debug|x86.Build.0 = Debug|Any CPU
		{F997984C-F33C-4F86-A0F1-24D97426B28B}.Debug|x86.Deploy.0 = Debug|Any CPU
		{F997984C-F33C-4F86-A0F1-24D97426B28B}.Release|Any CPU.ActiveCfg = Release|Any CPU
		{F997984C-F33C-4F86-A0F1-24D97426B28B}.Release|Any CPU.Build.0 = Release|Any CPU
		{F997984C-F33C-4F86-A0F1-24D97426B28B}.Release|Any CPU.Deploy.0 = Release|Any CPU
		{F997984C-F33C-4F86-A0F1-24D97426B28B}.Release|ARM.ActiveCfg = Release|Any CPU
		{F997984C-F33C-4F86-A0F1-24D97426B28B}.Release|ARM.Build.0 = Release|Any CPU
		{F997984C-F33C-4F86-A0F1-24D97426B28B}.Release|ARM.Deploy.0 = Release|Any CPU
		{F997984C-F33C-4F86-A0F1-24D97426B28B}.Release|iPhone.ActiveCfg = Release|Any CPU
		{F997984C-F33C-4F86-A0F1-24D97426B28B}.Release|iPhone.Build.0 = Release|Any CPU
		{F997984C-F33C-4F86-A0F1-24D97426B28B}.Release|iPhone.Deploy.0 = Release|Any CPU
		{F997984C-F33C-4F86-A0F1-24D97426B28B}.Release|iPhoneSimulator.ActiveCfg = Release|Any CPU
		{F997984C-F33C-4F86-A0F1-24D97426B28B}.Release|iPhoneSimulator.Build.0 = Release|Any CPU
		{F997984C-F33C-4F86-A0F1-24D97426B28B}.Release|iPhoneSimulator.Deploy.0 = Release|Any CPU
		{F997984C-F33C-4F86-A0F1-24D97426B28B}.Release|x64.ActiveCfg = Release|Any CPU
		{F997984C-F33C-4F86-A0F1-24D97426B28B}.Release|x64.Build.0 = Release|Any CPU
		{F997984C-F33C-4F86-A0F1-24D97426B28B}.Release|x64.Deploy.0 = Release|Any CPU
		{F997984C-F33C-4F86-A0F1-24D97426B28B}.Release|x86.ActiveCfg = Release|Any CPU
		{F997984C-F33C-4F86-A0F1-24D97426B28B}.Release|x86.Build.0 = Release|Any CPU
		{F997984C-F33C-4F86-A0F1-24D97426B28B}.Release|x86.Deploy.0 = Release|Any CPU
	EndGlobalSection
	GlobalSection(SolutionProperties) = preSolution
		HideSolutionNode = FALSE
	EndGlobalSection
	GlobalSection(ExtensibilityGlobals) = postSolution
		SolutionGuid = {A6C28C3C-1630-4C84-BBDE-0A7CB2984172}
	EndGlobalSection
EndGlobal
